
Microsoft Visual Studio Solution File, Format Version 12.00
Project("{FAE04EC0-301F-11D3-BF4B-00C04F79EFBC}") = "TodoAvalonia", "TodoAvalonia\TodoAvalonia.csproj", "{C3E2E2C6-6BC4-4325-AA80-A5777D6255BF}"
EndProject
Project("{FAE04EC0-301F-11D3-BF4B-00C04F79EFBC}") = "TodoAvalonia.Tests", "TodoAvalonia.Tests\TodoAvalonia.Tests.csproj", "{F99B9A14-4735-4C7D-9B5C-39E77D98D9D5}"
EndProject
Global
	GlobalSection(SolutionConfigurationPlatforms) = preSolution
		Debug|Any CPU = Debug|Any CPU
		Release|Any CPU = Release|Any CPU
	EndGlobalSection
	GlobalSection(ProjectConfigurationPlatforms) = postSolution
		{C3E2E2C6-6BC4-4325-AA80-A5777D6255BF}.Debug|Any CPU.ActiveCfg = Debug|Any CPU
		{C3E2E2C6-6BC4-4325-AA80-A5777D6255BF}.Debug|Any CPU.Build.0 = Debug|Any CPU
		{C3E2E2C6-6BC4-4325-AA80-A5777D6255BF}.Release|Any CPU.ActiveCfg = Release|Any CPU
		{C3E2E2C6-6BC4-4325-AA80-A5777D6255BF}.Release|Any CPU.Build.0 = Release|Any CPU
		{F99B9A14-4735-4C7D-9B5C-39E77D98D9D5}.Debug|Any CPU.ActiveCfg = Debug|Any CPU
		{F99B9A14-4735-4C7D-9B5C-39E77D98D9D5}.Debug|Any CPU.Build.0 = Debug|Any CPU
		{F99B9A14-4735-4C7D-9B5C-39E77D98D9D5}.Release|Any CPU.ActiveCfg = Release|Any CPU
		{F99B9A14-4735-4C7D-9B5C-39E77D98D9D5}.Release|Any CPU.Build.0 = Release|Any CPU
	EndGlobalSection
EndGlobal
